// !$*UTF8*$!
{
	archiveVersion = 1;
	classes = {
	};
	objectVersion = 56;
	objects = {

/* Begin PBXBuildFile section */
		C2222F4D2A6908D600208254 /* RefreshableBootcamp.swift in Sources */ = {isa = PBXBuildFile; fileRef = C2222F4C2A6908D600208254 /* RefreshableBootcamp.swift */; };
		C23B48492A555D24008B631A /* TaskGroupBootcamp.swift in Sources */ = {isa = PBXBuildFile; fileRef = C23B48482A555D24008B631A /* TaskGroupBootcamp.swift */; };
		C23B484B2A5573FB008B631A /* CheckedContinuationBootcamp.swift in Sources */ = {isa = PBXBuildFile; fileRef = C23B484A2A5573FB008B631A /* CheckedContinuationBootcamp.swift */; };
		C23B484D2A557CA5008B631A /* StructClassActorBootcamp.swift in Sources */ = {isa = PBXBuildFile; fileRef = C23B484C2A557CA5008B631A /* StructClassActorBootcamp.swift */; };
		C2421B102A54322500D7F3E2 /* AsyncLetBootcamp.swift in Sources */ = {isa = PBXBuildFile; fileRef = C2421B0F2A54322500D7F3E2 /* AsyncLetBootcamp.swift */; };
		C24954CC2A695ACC00655CF4 /* SearchableBootcamp.swift in Sources */ = {isa = PBXBuildFile; fileRef = C24954CB2A695ACC00655CF4 /* SearchableBootcamp.swift */; };
		C24CCF0F2A6687B2006E5AEF /* SendablePrrotocolBootcamp.swift in Sources */ = {isa = PBXBuildFile; fileRef = C24CCF0E2A6687B2006E5AEF /* SendablePrrotocolBootcamp.swift */; };
		C24CCF112A669383006E5AEF /* AsyncPublisherBootcamp.swift in Sources */ = {isa = PBXBuildFile; fileRef = C24CCF102A669383006E5AEF /* AsyncPublisherBootcamp.swift */; };
		C24CCF132A66B132006E5AEF /* StrongSelfBootcamp.swift in Sources */ = {isa = PBXBuildFile; fileRef = C24CCF122A66B132006E5AEF /* StrongSelfBootcamp.swift */; };
		C24CCF152A66D705006E5AEF /* MVVMBootcamp.swift in Sources */ = {isa = PBXBuildFile; fileRef = C24CCF142A66D705006E5AEF /* MVVMBootcamp.swift */; };
		C25F8F0E2A38572200F37F4A /* AsyncAwaitBootcamp.swift in Sources */ = {isa = PBXBuildFile; fileRef = C25F8F0D2A38572200F37F4A /* AsyncAwaitBootcamp.swift */; };
		C25F8F102A38672200F37F4A /* TaskBootcamp.swift in Sources */ = {isa = PBXBuildFile; fileRef = C25F8F0F2A38672200F37F4A /* TaskBootcamp.swift */; };
		C26EEFDB2A29BD7A00CC609A /* SwiftConcurrencyApp.swift in Sources */ = {isa = PBXBuildFile; fileRef = C26EEFDA2A29BD7A00CC609A /* SwiftConcurrencyApp.swift */; };
		C26EEFDD2A29BD7A00CC609A /* ContentView.swift in Sources */ = {isa = PBXBuildFile; fileRef = C26EEFDC2A29BD7A00CC609A /* ContentView.swift */; };
		C26EEFDF2A29BD7B00CC609A /* Assets.xcassets in Resources */ = {isa = PBXBuildFile; fileRef = C26EEFDE2A29BD7B00CC609A /* Assets.xcassets */; };
		C26EEFE22A29BD7B00CC609A /* Preview Assets.xcassets in Resources */ = {isa = PBXBuildFile; fileRef = C26EEFE12A29BD7B00CC609A /* Preview Assets.xcassets */; };
		C26EEFE92A29C02B00CC609A /* DoCatchTryThrowsBootcamp.swift in Sources */ = {isa = PBXBuildFile; fileRef = C26EEFE82A29C02B00CC609A /* DoCatchTryThrowsBootcamp.swift */; };
		C2B015872A36EBDC000EDB4D /* DownloadImageAsync.swift in Sources */ = {isa = PBXBuildFile; fileRef = C2B015862A36EBDC000EDB4D /* DownloadImageAsync.swift */; };
		C2CB96592A5FD836005C67C9 /* ActorsBootcamp.swift in Sources */ = {isa = PBXBuildFile; fileRef = C2CB96582A5FD836005C67C9 /* ActorsBootcamp.swift */; };
		C2CB965B2A60080A005C67C9 /* GlobalActorBootcamp.swift in Sources */ = {isa = PBXBuildFile; fileRef = C2CB965A2A600809005C67C9 /* GlobalActorBootcamp.swift */; };
/* End PBXBuildFile section */

/* Begin PBXFileReference section */
		C2222F4C2A6908D600208254 /* RefreshableBootcamp.swift */ = {isa = PBXFileReference; lastKnownFileType = sourcecode.swift; path = RefreshableBootcamp.swift; sourceTree = "<group>"; };
		C23B48482A555D24008B631A /* TaskGroupBootcamp.swift */ = {isa = PBXFileReference; lastKnownFileType = sourcecode.swift; path = TaskGroupBootcamp.swift; sourceTree = "<group>"; };
		C23B484A2A5573FB008B631A /* CheckedContinuationBootcamp.swift */ = {isa = PBXFileReference; lastKnownFileType = sourcecode.swift; path = CheckedContinuationBootcamp.swift; sourceTree = "<group>"; };
		C23B484C2A557CA5008B631A /* StructClassActorBootcamp.swift */ = {isa = PBXFileReference; lastKnownFileType = sourcecode.swift; path = StructClassActorBootcamp.swift; sourceTree = "<group>"; };
		C2421B0F2A54322500D7F3E2 /* AsyncLetBootcamp.swift */ = {isa = PBXFileReference; lastKnownFileType = sourcecode.swift; path = AsyncLetBootcamp.swift; sourceTree = "<group>"; };
		C24954CB2A695ACC00655CF4 /* SearchableBootcamp.swift */ = {isa = PBXFileReference; lastKnownFileType = sourcecode.swift; path = SearchableBootcamp.swift; sourceTree = "<group>"; };
		C24CCF0E2A6687B2006E5AEF /* SendablePrrotocolBootcamp.swift */ = {isa = PBXFileReference; lastKnownFileType = sourcecode.swift; path = SendablePrrotocolBootcamp.swift; sourceTree = "<group>"; };
		C24CCF102A669383006E5AEF /* AsyncPublisherBootcamp.swift */ = {isa = PBXFileReference; lastKnownFileType = sourcecode.swift; path = AsyncPublisherBootcamp.swift; sourceTree = "<group>"; };
		C24CCF122A66B132006E5AEF /* StrongSelfBootcamp.swift */ = {isa = PBXFileReference; lastKnownFileType = sourcecode.swift; path = StrongSelfBootcamp.swift; sourceTree = "<group>"; };
		C24CCF142A66D705006E5AEF /* MVVMBootcamp.swift */ = {isa = PBXFileReference; lastKnownFileType = sourcecode.swift; path = MVVMBootcamp.swift; sourceTree = "<group>"; };
		C25F8F0D2A38572200F37F4A /* AsyncAwaitBootcamp.swift */ = {isa = PBXFileReference; lastKnownFileType = sourcecode.swift; path = AsyncAwaitBootcamp.swift; sourceTree = "<group>"; };
		C25F8F0F2A38672200F37F4A /* TaskBootcamp.swift */ = {isa = PBXFileReference; lastKnownFileType = sourcecode.swift; path = TaskBootcamp.swift; sourceTree = "<group>"; };
		C26EEFD72A29BD7A00CC609A /* SwiftConcurrency.app */ = {isa = PBXFileReference; explicitFileType = wrapper.application; includeInIndex = 0; path = SwiftConcurrency.app; sourceTree = BUILT_PRODUCTS_DIR; };
		C26EEFDA2A29BD7A00CC609A /* SwiftConcurrencyApp.swift */ = {isa = PBXFileReference; lastKnownFileType = sourcecode.swift; path = SwiftConcurrencyApp.swift; sourceTree = "<group>"; };
		C26EEFDC2A29BD7A00CC609A /* ContentView.swift */ = {isa = PBXFileReference; lastKnownFileType = sourcecode.swift; path = ContentView.swift; sourceTree = "<group>"; };
		C26EEFDE2A29BD7B00CC609A /* Assets.xcassets */ = {isa = PBXFileReference; lastKnownFileType = folder.assetcatalog; path = Assets.xcassets; sourceTree = "<group>"; };
		C26EEFE12A29BD7B00CC609A /* Preview Assets.xcassets */ = {isa = PBXFileReference; lastKnownFileType = folder.assetcatalog; path = "Preview Assets.xcassets"; sourceTree = "<group>"; };
		C26EEFE82A29C02B00CC609A /* DoCatchTryThrowsBootcamp.swift */ = {isa = PBXFileReference; lastKnownFileType = sourcecode.swift; path = DoCatchTryThrowsBootcamp.swift; sourceTree = "<group>"; };
		C2B015862A36EBDC000EDB4D /* DownloadImageAsync.swift */ = {isa = PBXFileReference; lastKnownFileType = sourcecode.swift; path = DownloadImageAsync.swift; sourceTree = "<group>"; };
		C2CB96582A5FD836005C67C9 /* ActorsBootcamp.swift */ = {isa = PBXFileReference; lastKnownFileType = sourcecode.swift; path = ActorsBootcamp.swift; sourceTree = "<group>"; };
		C2CB965A2A600809005C67C9 /* GlobalActorBootcamp.swift */ = {isa = PBXFileReference; lastKnownFileType = sourcecode.swift; path = GlobalActorBootcamp.swift; sourceTree = "<group>"; };
/* End PBXFileReference section */

/* Begin PBXFrameworksBuildPhase section */
		C26EEFD42A29BD7A00CC609A /* Frameworks */ = {
			isa = PBXFrameworksBuildPhase;
			buildActionMask = 2147483647;
			files = (
			);
			runOnlyForDeploymentPostprocessing = 0;
		};
/* End PBXFrameworksBuildPhase section */

/* Begin PBXGroup section */
		C26EEFCE2A29BD7A00CC609A = {
			isa = PBXGroup;
			children = (
				C26EEFD92A29BD7A00CC609A /* SwiftConcurrency */,
				C26EEFD82A29BD7A00CC609A /* Products */,
			);
			sourceTree = "<group>";
		};
		C26EEFD82A29BD7A00CC609A /* Products */ = {
			isa = PBXGroup;
			children = (
				C26EEFD72A29BD7A00CC609A /* SwiftConcurrency.app */,
			);
			name = Products;
			sourceTree = "<group>";
		};
		C26EEFD92A29BD7A00CC609A /* SwiftConcurrency */ = {
			isa = PBXGroup;
			children = (
				C26EEFDA2A29BD7A00CC609A /* SwiftConcurrencyApp.swift */,
				C26EEFDC2A29BD7A00CC609A /* ContentView.swift */,
				C26EEFE82A29C02B00CC609A /* DoCatchTryThrowsBootcamp.swift */,
				C2B015862A36EBDC000EDB4D /* DownloadImageAsync.swift */,
				C25F8F0D2A38572200F37F4A /* AsyncAwaitBootcamp.swift */,
				C25F8F0F2A38672200F37F4A /* TaskBootcamp.swift */,
				C2421B0F2A54322500D7F3E2 /* AsyncLetBootcamp.swift */,
				C23B48482A555D24008B631A /* TaskGroupBootcamp.swift */,
				C23B484A2A5573FB008B631A /* CheckedContinuationBootcamp.swift */,
				C23B484C2A557CA5008B631A /* StructClassActorBootcamp.swift */,
				C2CB96582A5FD836005C67C9 /* ActorsBootcamp.swift */,
				C2CB965A2A600809005C67C9 /* GlobalActorBootcamp.swift */,
				C24CCF0E2A6687B2006E5AEF /* SendablePrrotocolBootcamp.swift */,
				C24CCF102A669383006E5AEF /* AsyncPublisherBootcamp.swift */,
				C24CCF122A66B132006E5AEF /* StrongSelfBootcamp.swift */,
				C24CCF142A66D705006E5AEF /* MVVMBootcamp.swift */,
				C2222F4C2A6908D600208254 /* RefreshableBootcamp.swift */,
				C24954CB2A695ACC00655CF4 /* SearchableBootcamp.swift */,
				C26EEFDE2A29BD7B00CC609A /* Assets.xcassets */,
				C26EEFE02A29BD7B00CC609A /* Preview Content */,
			);
			path = SwiftConcurrency;
			sourceTree = "<group>";
		};
		C26EEFE02A29BD7B00CC609A /* Preview Content */ = {
			isa = PBXGroup;
			children = (
				C26EEFE12A29BD7B00CC609A /* Preview Assets.xcassets */,
			);
			path = "Preview Content";
			sourceTree = "<group>";
		};
/* End PBXGroup section */

/* Begin PBXNativeTarget section */
		C26EEFD62A29BD7A00CC609A /* SwiftConcurrency */ = {
			isa = PBXNativeTarget;
			buildConfigurationList = C26EEFE52A29BD7B00CC609A /* Build configuration list for PBXNativeTarget "SwiftConcurrency" */;
			buildPhases = (
				C26EEFD32A29BD7A00CC609A /* Sources */,
				C26EEFD42A29BD7A00CC609A /* Frameworks */,
				C26EEFD52A29BD7A00CC609A /* Resources */,
			);
			buildRules = (
			);
			dependencies = (
			);
			name = SwiftConcurrency;
			productName = SwiftConcurrency;
			productReference = C26EEFD72A29BD7A00CC609A /* SwiftConcurrency.app */;
			productType = "com.apple.product-type.application";
		};
/* End PBXNativeTarget section */

/* Begin PBXProject section */
		C26EEFCF2A29BD7A00CC609A /* Project object */ = {
			isa = PBXProject;
			attributes = {
				BuildIndependentTargetsInParallel = 1;
				LastSwiftUpdateCheck = 1430;
				LastUpgradeCheck = 1430;
				TargetAttributes = {
					C26EEFD62A29BD7A00CC609A = {
						CreatedOnToolsVersion = 14.3;
					};
				};
			};
			buildConfigurationList = C26EEFD22A29BD7A00CC609A /* Build configuration list for PBXProject "SwiftConcurrency" */;
			compatibilityVersion = "Xcode 14.0";
			developmentRegion = en;
			hasScannedForEncodings = 0;
			knownRegions = (
				en,
				Base,
			);
			mainGroup = C26EEFCE2A29BD7A00CC609A;
			productRefGroup = C26EEFD82A29BD7A00CC609A /* Products */;
			projectDirPath = "";
			projectRoot = "";
			targets = (
				C26EEFD62A29BD7A00CC609A /* SwiftConcurrency */,
			);
		};
/* End PBXProject section */

/* Begin PBXResourcesBuildPhase section */
		C26EEFD52A29BD7A00CC609A /* Resources */ = {
			isa = PBXResourcesBuildPhase;
			buildActionMask = 2147483647;
			files = (
				C26EEFE22A29BD7B00CC609A /* Preview Assets.xcassets in Resources */,
				C26EEFDF2A29BD7B00CC609A /* Assets.xcassets in Resources */,
			);
			runOnlyForDeploymentPostprocessing = 0;
		};
/* End PBXResourcesBuildPhase section */

/* Begin PBXSourcesBuildPhase section */
		C26EEFD32A29BD7A00CC609A /* Sources */ = {
			isa = PBXSourcesBuildPhase;
			buildActionMask = 2147483647;
			files = (
				C2B015872A36EBDC000EDB4D /* DownloadImageAsync.swift in Sources */,
				C26EEFE92A29C02B00CC609A /* DoCatchTryThrowsBootcamp.swift in Sources */,
				C26EEFDD2A29BD7A00CC609A /* ContentView.swift in Sources */,
				C2CB96592A5FD836005C67C9 /* ActorsBootcamp.swift in Sources */,
				C23B484B2A5573FB008B631A /* CheckedContinuationBootcamp.swift in Sources */,
				C23B484D2A557CA5008B631A /* StructClassActorBootcamp.swift in Sources */,
				C2222F4D2A6908D600208254 /* RefreshableBootcamp.swift in Sources */,
				C25F8F102A38672200F37F4A /* TaskBootcamp.swift in Sources */,
				C24954CC2A695ACC00655CF4 /* SearchableBootcamp.swift in Sources */,
				C2CB965B2A60080A005C67C9 /* GlobalActorBootcamp.swift in Sources */,
				C24CCF152A66D705006E5AEF /* MVVMBootcamp.swift in Sources */,
				C25F8F0E2A38572200F37F4A /* AsyncAwaitBootcamp.swift in Sources */,
				C26EEFDB2A29BD7A00CC609A /* SwiftConcurrencyApp.swift in Sources */,
				C24CCF132A66B132006E5AEF /* StrongSelfBootcamp.swift in Sources */,
				C24CCF112A669383006E5AEF /* AsyncPublisherBootcamp.swift in Sources */,
				C24CCF0F2A6687B2006E5AEF /* SendablePrrotocolBootcamp.swift in Sources */,
				C2421B102A54322500D7F3E2 /* AsyncLetBootcamp.swift in Sources */,
				C23B48492A555D24008B631A /* TaskGroupBootcamp.swift in Sources */,
			);
			runOnlyForDeploymentPostprocessing = 0;
		};
/* End PBXSourcesBuildPhase section */

/* Begin XCBuildConfiguration section */
		C26EEFE32A29BD7B00CC609A /* Debug */ = {
			isa = XCBuildConfiguration;
			buildSettings = {
				ALWAYS_SEARCH_USER_PATHS = NO;
				CLANG_ANALYZER_NONNULL = YES;
				CLANG_ANALYZER_NUMBER_OBJECT_CONVERSION = YES_AGGRESSIVE;
				CLANG_CXX_LANGUAGE_STANDARD = "gnu++20";
				CLANG_ENABLE_MODULES = YES;
				CLANG_ENABLE_OBJC_ARC = YES;
				CLANG_ENABLE_OBJC_WEAK = YES;
				CLANG_WARN_BLOCK_CAPTURE_AUTORELEASING = YES;
				CLANG_WARN_BOOL_CONVERSION = YES;
				CLANG_WARN_COMMA = YES;
				CLANG_WARN_CONSTANT_CONVERSION = YES;
				CLANG_WARN_DEPRECATED_OBJC_IMPLEMENTATIONS = YES;
				CLANG_WARN_DIRECT_OBJC_ISA_USAGE = YES_ERROR;
				CLANG_WARN_DOCUMENTATION_COMMENTS = YES;
				CLANG_WARN_EMPTY_BODY = YES;
				CLANG_WARN_ENUM_CONVERSION = YES;
				CLANG_WARN_INFINITE_RECURSION = YES;
				CLANG_WARN_INT_CONVERSION = YES;
				CLANG_WARN_NON_LITERAL_NULL_CONVERSION = YES;
				CLANG_WARN_OBJC_IMPLICIT_RETAIN_SELF = YES;
				CLANG_WARN_OBJC_LITERAL_CONVERSION = YES;
				CLANG_WARN_OBJC_ROOT_CLASS = YES_ERROR;
				CLANG_WARN_QUOTED_INCLUDE_IN_FRAMEWORK_HEADER = YES;
				CLANG_WARN_RANGE_LOOP_ANALYSIS = YES;
				CLANG_WARN_STRICT_PROTOTYPES = YES;
				CLANG_WARN_SUSPICIOUS_MOVE = YES;
				CLANG_WARN_UNGUARDED_AVAILABILITY = YES_AGGRESSIVE;
				CLANG_WARN_UNREACHABLE_CODE = YES;
				CLANG_WARN__DUPLICATE_METHOD_MATCH = YES;
				COPY_PHASE_STRIP = NO;
				DEBUG_INFORMATION_FORMAT = dwarf;
				ENABLE_STRICT_OBJC_MSGSEND = YES;
				ENABLE_TESTABILITY = YES;
				GCC_C_LANGUAGE_STANDARD = gnu11;
				GCC_DYNAMIC_NO_PIC = NO;
				GCC_NO_COMMON_BLOCKS = YES;
				GCC_OPTIMIZATION_LEVEL = 0;
				GCC_PREPROCESSOR_DEFINITIONS = (
					"DEBUG=1",
					"$(inherited)",
				);
				GCC_WARN_64_TO_32_BIT_CONVERSION = YES;
				GCC_WARN_ABOUT_RETURN_TYPE = YES_ERROR;
				GCC_WARN_UNDECLARED_SELECTOR = YES;
				GCC_WARN_UNINITIALIZED_AUTOS = YES_AGGRESSIVE;
				GCC_WARN_UNUSED_FUNCTION = YES;
				GCC_WARN_UNUSED_VARIABLE = YES;
				IPHONEOS_DEPLOYMENT_TARGET = 16.4;
				MTL_ENABLE_DEBUG_INFO = INCLUDE_SOURCE;
				MTL_FAST_MATH = YES;
				ONLY_ACTIVE_ARCH = YES;
				SDKROOT = iphoneos;
				SWIFT_ACTIVE_COMPILATION_CONDITIONS = DEBUG;
				SWIFT_OPTIMIZATION_LEVEL = "-Onone";
			};
			name = Debug;
		};
		C26EEFE42A29BD7B00CC609A /* Release */ = {
			isa = XCBuildConfiguration;
			buildSettings = {
				ALWAYS_SEARCH_USER_PATHS = NO;
				CLANG_ANALYZER_NONNULL = YES;
				CLANG_ANALYZER_NUMBER_OBJECT_CONVERSION = YES_AGGRESSIVE;
				CLANG_CXX_LANGUAGE_STANDARD = "gnu++20";
				CLANG_ENABLE_MODULES = YES;
				CLANG_ENABLE_OBJC_ARC = YES;
				CLANG_ENABLE_OBJC_WEAK = YES;
				CLANG_WARN_BLOCK_CAPTURE_AUTORELEASING = YES;
				CLANG_WARN_BOOL_CONVERSION = YES;
				CLANG_WARN_COMMA = YES;
				CLANG_WARN_CONSTANT_CONVERSION = YES;
				CLANG_WARN_DEPRECATED_OBJC_IMPLEMENTATIONS = YES;
				CLANG_WARN_DIRECT_OBJC_ISA_USAGE = YES_ERROR;
				CLANG_WARN_DOCUMENTATION_COMMENTS = YES;
				CLANG_WARN_EMPTY_BODY = YES;
				CLANG_WARN_ENUM_CONVERSION = YES;
				CLANG_WARN_INFINITE_RECURSION = YES;
				CLANG_WARN_INT_CONVERSION = YES;
				CLANG_WARN_NON_LITERAL_NULL_CONVERSION = YES;
				CLANG_WARN_OBJC_IMPLICIT_RETAIN_SELF = YES;
				CLANG_WARN_OBJC_LITERAL_CONVERSION = YES;
				CLANG_WARN_OBJC_ROOT_CLASS = YES_ERROR;
				CLANG_WARN_QUOTED_INCLUDE_IN_FRAMEWORK_HEADER = YES;
				CLANG_WARN_RANGE_LOOP_ANALYSIS = YES;
				CLANG_WARN_STRICT_PROTOTYPES = YES;
				CLANG_WARN_SUSPICIOUS_MOVE = YES;
				CLANG_WARN_UNGUARDED_AVAILABILITY = YES_AGGRESSIVE;
				CLANG_WARN_UNREACHABLE_CODE = YES;
				CLANG_WARN__DUPLICATE_METHOD_MATCH = YES;
				COPY_PHASE_STRIP = NO;
				DEBUG_INFORMATION_FORMAT = "dwarf-with-dsym";
				ENABLE_NS_ASSERTIONS = NO;
				ENABLE_STRICT_OBJC_MSGSEND = YES;
				GCC_C_LANGUAGE_STANDARD = gnu11;
				GCC_NO_COMMON_BLOCKS = YES;
				GCC_WARN_64_TO_32_BIT_CONVERSION = YES;
				GCC_WARN_ABOUT_RETURN_TYPE = YES_ERROR;
				GCC_WARN_UNDECLARED_SELECTOR = YES;
				GCC_WARN_UNINITIALIZED_AUTOS = YES_AGGRESSIVE;
				GCC_WARN_UNUSED_FUNCTION = YES;
				GCC_WARN_UNUSED_VARIABLE = YES;
				IPHONEOS_DEPLOYMENT_TARGET = 16.4;
				MTL_ENABLE_DEBUG_INFO = NO;
				MTL_FAST_MATH = YES;
				SDKROOT = iphoneos;
				SWIFT_COMPILATION_MODE = wholemodule;
				SWIFT_OPTIMIZATION_LEVEL = "-O";
				VALIDATE_PRODUCT = YES;
			};
			name = Release;
		};
		C26EEFE62A29BD7B00CC609A /* Debug */ = {
			isa = XCBuildConfiguration;
			buildSettings = {
				ASSETCATALOG_COMPILER_APPICON_NAME = AppIcon;
				ASSETCATALOG_COMPILER_GLOBAL_ACCENT_COLOR_NAME = AccentColor;
				CODE_SIGN_STYLE = Automatic;
				CURRENT_PROJECT_VERSION = 1;
				DEVELOPMENT_ASSET_PATHS = "\"SwiftConcurrency/Preview Content\"";
				ENABLE_PREVIEWS = YES;
				GENERATE_INFOPLIST_FILE = YES;
				INFOPLIST_KEY_UIApplicationSceneManifest_Generation = YES;
				INFOPLIST_KEY_UIApplicationSupportsIndirectInputEvents = YES;
				INFOPLIST_KEY_UILaunchScreen_Generation = YES;
				INFOPLIST_KEY_UISupportedInterfaceOrientations_iPad = "UIInterfaceOrientationPortrait UIInterfaceOrientationPortraitUpsideDown UIInterfaceOrientationLandscapeLeft UIInterfaceOrientationLandscapeRight";
				INFOPLIST_KEY_UISupportedInterfaceOrientations_iPhone = "UIInterfaceOrientationPortrait UIInterfaceOrientationLandscapeLeft UIInterfaceOrientationLandscapeRight";
				LD_RUNPATH_SEARCH_PATHS = (
					"$(inherited)",
					"@executable_path/Frameworks",
				);
				MARKETING_VERSION = 1.0;
				PRODUCT_BUNDLE_IDENTIFIER = bla.SwiftConcurrency;
				PRODUCT_NAME = "$(TARGET_NAME)";
				SWIFT_EMIT_LOC_STRINGS = YES;
				SWIFT_VERSION = 5.0;
				TARGETED_DEVICE_FAMILY = "1,2";
			};
			name = Debug;
		};
		C26EEFE72A29BD7B00CC609A /* Release */ = {
			isa = XCBuildConfiguration;
			buildSettings = {
				ASSETCATALOG_COMPILER_APPICON_NAME = AppIcon;
				ASSETCATALOG_COMPILER_GLOBAL_ACCENT_COLOR_NAME = AccentColor;
				CODE_SIGN_STYLE = Automatic;
				CURRENT_PROJECT_VERSION = 1;
				DEVELOPMENT_ASSET_PATHS = "\"SwiftConcurrency/Preview Content\"";
				ENABLE_PREVIEWS = YES;
				GENERATE_INFOPLIST_FILE = YES;
				INFOPLIST_KEY_UIApplicationSceneManifest_Generation = YES;
				INFOPLIST_KEY_UIApplicationSupportsIndirectInputEvents = YES;
				INFOPLIST_KEY_UILaunchScreen_Generation = YES;
				INFOPLIST_KEY_UISupportedInterfaceOrientations_iPad = "UIInterfaceOrientationPortrait UIInterfaceOrientationPortraitUpsideDown UIInterfaceOrientationLandscapeLeft UIInterfaceOrientationLandscapeRight";
				INFOPLIST_KEY_UISupportedInterfaceOrientations_iPhone = "UIInterfaceOrientationPortrait UIInterfaceOrientationLandscapeLeft UIInterfaceOrientationLandscapeRight";
				LD_RUNPATH_SEARCH_PATHS = (
					"$(inherited)",
					"@executable_path/Frameworks",
				);
				MARKETING_VERSION = 1.0;
				PRODUCT_BUNDLE_IDENTIFIER = bla.SwiftConcurrency;
				PRODUCT_NAME = "$(TARGET_NAME)";
				SWIFT_EMIT_LOC_STRINGS = YES;
				SWIFT_VERSION = 5.0;
				TARGETED_DEVICE_FAMILY = "1,2";
			};
			name = Release;
		};
/* End XCBuildConfiguration section */

/* Begin XCConfigurationList section */
		C26EEFD22A29BD7A00CC609A /* Build configuration list for PBXProject "SwiftConcurrency" */ = {
			isa = XCConfigurationList;
			buildConfigurations = (
				C26EEFE32A29BD7B00CC609A /* Debug */,
				C26EEFE42A29BD7B00CC609A /* Release */,
			);
			defaultConfigurationIsVisible = 0;
			defaultConfigurationName = Release;
		};
		C26EEFE52A29BD7B00CC609A /* Build configuration list for PBXNativeTarget "SwiftConcurrency" */ = {
			isa = XCConfigurationList;
			buildConfigurations = (
				C26EEFE62A29BD7B00CC609A /* Debug */,
				C26EEFE72A29BD7B00CC609A /* Release */,
			);
			defaultConfigurationIsVisible = 0;
			defaultConfigurationName = Release;
		};
/* End XCConfigurationList section */
	};
	rootObject = C26EEFCF2A29BD7A00CC609A /* Project object */;
}
